// !$*UTF8*$!
{
	archiveVersion = 1;
	classes = {
	};
	objectVersion = 56;
	objects = {

/* Begin PBXBuildFile section */
		EB49122629E42E4200D7A10C /* Constants.swift in Sources */ = {isa = PBXBuildFile; fileRef = EB49122529E42E4200D7A10C /* Constants.swift */; };
		EB49122929E42FA300D7A10C /* String+Extenstions.swift in Sources */ = {isa = PBXBuildFile; fileRef = EB49122829E42FA300D7A10C /* String+Extenstions.swift */; };
		EB49122B29E436E500D7A10C /* WeatherListViewModel.swift in Sources */ = {isa = PBXBuildFile; fileRef = EB49122A29E436E500D7A10C /* WeatherListViewModel.swift */; };
		EB49122D29E4410E00D7A10C /* Double+Extension.swift in Sources */ = {isa = PBXBuildFile; fileRef = EB49122C29E4410E00D7A10C /* Double+Extension.swift */; };
		EB7912E629DE8D6E0020637B /* AppDelegate.swift in Sources */ = {isa = PBXBuildFile; fileRef = EB7912E529DE8D6E0020637B /* AppDelegate.swift */; };
		EB7912E829DE8D6E0020637B /* SceneDelegate.swift in Sources */ = {isa = PBXBuildFile; fileRef = EB7912E729DE8D6E0020637B /* SceneDelegate.swift */; };
		EB7912ED29DE8D6E0020637B /* Main.storyboard in Resources */ = {isa = PBXBuildFile; fileRef = EB7912EB29DE8D6E0020637B /* Main.storyboard */; };
		EB7912EF29DE8D700020637B /* Assets.xcassets in Resources */ = {isa = PBXBuildFile; fileRef = EB7912EE29DE8D700020637B /* Assets.xcassets */; };
		EB7912F229DE8D700020637B /* LaunchScreen.storyboard in Resources */ = {isa = PBXBuildFile; fileRef = EB7912F029DE8D700020637B /* LaunchScreen.storyboard */; };
		EB7912FD29DE8D700020637B /* GoodWeatherTests.swift in Sources */ = {isa = PBXBuildFile; fileRef = EB7912FC29DE8D700020637B /* GoodWeatherTests.swift */; };
		EB79130729DE8D700020637B /* GoodWeatherUITests.swift in Sources */ = {isa = PBXBuildFile; fileRef = EB79130629DE8D700020637B /* GoodWeatherUITests.swift */; };
		EB79130929DE8D700020637B /* GoodWeatherUITestsLaunchTests.swift in Sources */ = {isa = PBXBuildFile; fileRef = EB79130829DE8D700020637B /* GoodWeatherUITestsLaunchTests.swift */; };
		EBA20E6529DFACAB001011E4 /* APIKey.swift in Sources */ = {isa = PBXBuildFile; fileRef = EBA20E6429DFACAB001011E4 /* APIKey.swift */; };
		EBA20E6829DFB608001011E4 /* WebService.swift in Sources */ = {isa = PBXBuildFile; fileRef = EBA20E6729DFB608001011E4 /* WebService.swift */; };
		EBB4A62929DFEEA0008D48E1 /* WeatherResponse.swift in Sources */ = {isa = PBXBuildFile; fileRef = EBB4A62829DFEEA0008D48E1 /* WeatherResponse.swift */; };
		EBB4A62C29DFF6A5008D48E1 /* AddWeatherViewModel.swift in Sources */ = {isa = PBXBuildFile; fileRef = EBB4A62B29DFF6A5008D48E1 /* AddWeatherViewModel.swift */; };
		EBE8B2D029DE912200E7EC2A /* WeatherListTableViewController.swift in Sources */ = {isa = PBXBuildFile; fileRef = EBE8B2CF29DE912200E7EC2A /* WeatherListTableViewController.swift */; };
		EBE8B2D229DE91A500E7EC2A /* AddCityViewController.swift in Sources */ = {isa = PBXBuildFile; fileRef = EBE8B2D129DE91A500E7EC2A /* AddCityViewController.swift */; };
		EBE8B2D529DEA36400E7EC2A /* WeatherCell.swift in Sources */ = {isa = PBXBuildFile; fileRef = EBE8B2D429DEA36400E7EC2A /* WeatherCell.swift */; };
/* End PBXBuildFile section */

/* Begin PBXContainerItemProxy section */
		EB7912F929DE8D700020637B /* PBXContainerItemProxy */ = {
			isa = PBXContainerItemProxy;
			containerPortal = EB7912DA29DE8D6E0020637B /* Project object */;
			proxyType = 1;
			remoteGlobalIDString = EB7912E129DE8D6E0020637B;
			remoteInfo = GoodWeather;
		};
		EB79130329DE8D700020637B /* PBXContainerItemProxy */ = {
			isa = PBXContainerItemProxy;
			containerPortal = EB7912DA29DE8D6E0020637B /* Project object */;
			proxyType = 1;
			remoteGlobalIDString = EB7912E129DE8D6E0020637B;
			remoteInfo = GoodWeather;
		};
/* End PBXContainerItemProxy section */

/* Begin PBXFileReference section */
		EB49122529E42E4200D7A10C /* Constants.swift */ = {isa = PBXFileReference; lastKnownFileType = sourcecode.swift; path = Constants.swift; sourceTree = "<group>"; };
		EB49122829E42FA300D7A10C /* String+Extenstions.swift */ = {isa = PBXFileReference; lastKnownFileType = sourcecode.swift; path = "String+Extenstions.swift"; sourceTree = "<group>"; };
		EB49122A29E436E500D7A10C /* WeatherListViewModel.swift */ = {isa = PBXFileReference; lastKnownFileType = sourcecode.swift; path = WeatherListViewModel.swift; sourceTree = "<group>"; };
		EB49122C29E4410E00D7A10C /* Double+Extension.swift */ = {isa = PBXFileReference; lastKnownFileType = sourcecode.swift; path = "Double+Extension.swift"; sourceTree = "<group>"; };
		EB7912E229DE8D6E0020637B /* GoodWeather.app */ = {isa = PBXFileReference; explicitFileType = wrapper.application; includeInIndex = 0; path = GoodWeather.app; sourceTree = BUILT_PRODUCTS_DIR; };
		EB7912E529DE8D6E0020637B /* AppDelegate.swift */ = {isa = PBXFileReference; lastKnownFileType = sourcecode.swift; path = AppDelegate.swift; sourceTree = "<group>"; };
		EB7912E729DE8D6E0020637B /* SceneDelegate.swift */ = {isa = PBXFileReference; lastKnownFileType = sourcecode.swift; path = SceneDelegate.swift; sourceTree = "<group>"; };
		EB7912EC29DE8D6E0020637B /* Base */ = {isa = PBXFileReference; lastKnownFileType = file.storyboard; name = Base; path = Base.lproj/Main.storyboard; sourceTree = "<group>"; };
		EB7912EE29DE8D700020637B /* Assets.xcassets */ = {isa = PBXFileReference; lastKnownFileType = folder.assetcatalog; path = Assets.xcassets; sourceTree = "<group>"; };
		EB7912F129DE8D700020637B /* Base */ = {isa = PBXFileReference; lastKnownFileType = file.storyboard; name = Base; path = Base.lproj/LaunchScreen.storyboard; sourceTree = "<group>"; };
		EB7912F329DE8D700020637B /* Info.plist */ = {isa = PBXFileReference; lastKnownFileType = text.plist.xml; path = Info.plist; sourceTree = "<group>"; };
		EB7912F829DE8D700020637B /* GoodWeatherTests.xctest */ = {isa = PBXFileReference; explicitFileType = wrapper.cfbundle; includeInIndex = 0; path = GoodWeatherTests.xctest; sourceTree = BUILT_PRODUCTS_DIR; };
		EB7912FC29DE8D700020637B /* GoodWeatherTests.swift */ = {isa = PBXFileReference; lastKnownFileType = sourcecode.swift; path = GoodWeatherTests.swift; sourceTree = "<group>"; };
		EB79130229DE8D700020637B /* GoodWeatherUITests.xctest */ = {isa = PBXFileReference; explicitFileType = wrapper.cfbundle; includeInIndex = 0; path = GoodWeatherUITests.xctest; sourceTree = BUILT_PRODUCTS_DIR; };
		EB79130629DE8D700020637B /* GoodWeatherUITests.swift */ = {isa = PBXFileReference; lastKnownFileType = sourcecode.swift; path = GoodWeatherUITests.swift; sourceTree = "<group>"; };
		EB79130829DE8D700020637B /* GoodWeatherUITestsLaunchTests.swift */ = {isa = PBXFileReference; lastKnownFileType = sourcecode.swift; path = GoodWeatherUITestsLaunchTests.swift; sourceTree = "<group>"; };
		EBA20E6429DFACAB001011E4 /* APIKey.swift */ = {isa = PBXFileReference; lastKnownFileType = sourcecode.swift; path = APIKey.swift; sourceTree = "<group>"; };
		EBA20E6729DFB608001011E4 /* WebService.swift */ = {isa = PBXFileReference; lastKnownFileType = sourcecode.swift; path = WebService.swift; sourceTree = "<group>"; };
		EBB4A62829DFEEA0008D48E1 /* WeatherResponse.swift */ = {isa = PBXFileReference; lastKnownFileType = sourcecode.swift; path = WeatherResponse.swift; sourceTree = "<group>"; };
		EBB4A62B29DFF6A5008D48E1 /* AddWeatherViewModel.swift */ = {isa = PBXFileReference; lastKnownFileType = sourcecode.swift; path = AddWeatherViewModel.swift; sourceTree = "<group>"; };
		EBE8B2CF29DE912200E7EC2A /* WeatherListTableViewController.swift */ = {isa = PBXFileReference; lastKnownFileType = sourcecode.swift; path = WeatherListTableViewController.swift; sourceTree = "<group>"; };
		EBE8B2D129DE91A500E7EC2A /* AddCityViewController.swift */ = {isa = PBXFileReference; lastKnownFileType = sourcecode.swift; path = AddCityViewController.swift; sourceTree = "<group>"; };
		EBE8B2D429DEA36400E7EC2A /* WeatherCell.swift */ = {isa = PBXFileReference; lastKnownFileType = sourcecode.swift; path = WeatherCell.swift; sourceTree = "<group>"; };
/* End PBXFileReference section */

/* Begin PBXFrameworksBuildPhase section */
		EB7912DF29DE8D6E0020637B /* Frameworks */ = {
			isa = PBXFrameworksBuildPhase;
			buildActionMask = 2147483647;
			files = (
			);
			runOnlyForDeploymentPostprocessing = 0;
		};
		EB7912F529DE8D700020637B /* Frameworks */ = {
			isa = PBXFrameworksBuildPhase;
			buildActionMask = 2147483647;
			files = (
			);
			runOnlyForDeploymentPostprocessing = 0;
		};
		EB7912FF29DE8D700020637B /* Frameworks */ = {
			isa = PBXFrameworksBuildPhase;
			buildActionMask = 2147483647;
			files = (
			);
			runOnlyForDeploymentPostprocessing = 0;
		};
/* End PBXFrameworksBuildPhase section */

/* Begin PBXGroup section */
		EB49122429E42E2500D7A10C /* Utils */ = {
			isa = PBXGroup;
			children = (
				EB49122529E42E4200D7A10C /* Constants.swift */,
			);
			path = Utils;
			sourceTree = "<group>";
		};
		EB49122729E42F7300D7A10C /* Extenstions */ = {
			isa = PBXGroup;
			children = (
				EB49122829E42FA300D7A10C /* String+Extenstions.swift */,
				EB49122C29E4410E00D7A10C /* Double+Extension.swift */,
			);
			path = Extenstions;
			sourceTree = "<group>";
		};
		EB7912D929DE8D6E0020637B = {
			isa = PBXGroup;
			children = (
				EB7912E429DE8D6E0020637B /* GoodWeather */,
				EB7912FB29DE8D700020637B /* GoodWeatherTests */,
				EB79130529DE8D700020637B /* GoodWeatherUITests */,
				EB7912E329DE8D6E0020637B /* Products */,
			);
			sourceTree = "<group>";
		};
		EB7912E329DE8D6E0020637B /* Products */ = {
			isa = PBXGroup;
			children = (
				EB7912E229DE8D6E0020637B /* GoodWeather.app */,
				EB7912F829DE8D700020637B /* GoodWeatherTests.xctest */,
				EB79130229DE8D700020637B /* GoodWeatherUITests.xctest */,
			);
			name = Products;
			sourceTree = "<group>";
		};
		EB7912E429DE8D6E0020637B /* GoodWeather */ = {
			isa = PBXGroup;
			children = (
				EB49122729E42F7300D7A10C /* Extenstions */,
				EB49122429E42E2500D7A10C /* Utils */,
				EBB4A62A29DFF684008D48E1 /* View Models */,
				EBB4A62729DFEDF4008D48E1 /* Models */,
				EBA20E6629DFB5FC001011E4 /* Resource */,
				EBA20E6129DFAA95001011E4 /* Network */,
				EBE8B2D329DEA2F900E7EC2A /* Custom Cells */,
				EBE8B2CE29DE90F300E7EC2A /* ViewControllers */,
				EB7912E529DE8D6E0020637B /* AppDelegate.swift */,
				EB7912E729DE8D6E0020637B /* SceneDelegate.swift */,
				EB7912EB29DE8D6E0020637B /* Main.storyboard */,
				EB7912EE29DE8D700020637B /* Assets.xcassets */,
				EB7912F029DE8D700020637B /* LaunchScreen.storyboard */,
				EB7912F329DE8D700020637B /* Info.plist */,
			);
			path = GoodWeather;
			sourceTree = "<group>";
		};
		EB7912FB29DE8D700020637B /* GoodWeatherTests */ = {
			isa = PBXGroup;
			children = (
				EB7912FC29DE8D700020637B /* GoodWeatherTests.swift */,
			);
			path = GoodWeatherTests;
			sourceTree = "<group>";
		};
		EB79130529DE8D700020637B /* GoodWeatherUITests */ = {
			isa = PBXGroup;
			children = (
				EB79130629DE8D700020637B /* GoodWeatherUITests.swift */,
				EB79130829DE8D700020637B /* GoodWeatherUITestsLaunchTests.swift */,
			);
			path = GoodWeatherUITests;
			sourceTree = "<group>";
		};
		EBA20E6129DFAA95001011E4 /* Network */ = {
			isa = PBXGroup;
			children = (
				EBA20E6429DFACAB001011E4 /* APIKey.swift */,
			);
			path = Network;
			sourceTree = "<group>";
		};
		EBA20E6629DFB5FC001011E4 /* Resource */ = {
			isa = PBXGroup;
			children = (
				EBA20E6729DFB608001011E4 /* WebService.swift */,
			);
			path = Resource;
			sourceTree = "<group>";
		};
		EBB4A62729DFEDF4008D48E1 /* Models */ = {
			isa = PBXGroup;
			children = (
				EBB4A62829DFEEA0008D48E1 /* WeatherResponse.swift */,
			);
			path = Models;
			sourceTree = "<group>";
		};
		EBB4A62A29DFF684008D48E1 /* View Models */ = {
			isa = PBXGroup;
			children = (
				EBB4A62B29DFF6A5008D48E1 /* AddWeatherViewModel.swift */,
				EB49122A29E436E500D7A10C /* WeatherListViewModel.swift */,
			);
			path = "View Models";
			sourceTree = "<group>";
		};
		EBE8B2CE29DE90F300E7EC2A /* ViewControllers */ = {
			isa = PBXGroup;
			children = (
				EBE8B2CF29DE912200E7EC2A /* WeatherListTableViewController.swift */,
				EBE8B2D129DE91A500E7EC2A /* AddCityViewController.swift */,
			);
			path = ViewControllers;
			sourceTree = "<group>";
		};
		EBE8B2D329DEA2F900E7EC2A /* Custom Cells */ = {
			isa = PBXGroup;
			children = (
				EBE8B2D429DEA36400E7EC2A /* WeatherCell.swift */,
			);
			path = "Custom Cells";
			sourceTree = "<group>";
		};
/* End PBXGroup section */

/* Begin PBXNativeTarget section */
		EB7912E129DE8D6E0020637B /* GoodWeather */ = {
			isa = PBXNativeTarget;
			buildConfigurationList = EB79130C29DE8D700020637B /* Build configuration list for PBXNativeTarget "GoodWeather" */;
			buildPhases = (
				EB7912DE29DE8D6E0020637B /* Sources */,
				EB7912DF29DE8D6E0020637B /* Frameworks */,
				EB7912E029DE8D6E0020637B /* Resources */,
			);
			buildRules = (
			);
			dependencies = (
			);
			name = GoodWeather;
			productName = GoodWeather;
			productReference = EB7912E229DE8D6E0020637B /* GoodWeather.app */;
			productType = "com.apple.product-type.application";
		};
		EB7912F729DE8D700020637B /* GoodWeatherTests */ = {
			isa = PBXNativeTarget;
			buildConfigurationList = EB79130F29DE8D700020637B /* Build configuration list for PBXNativeTarget "GoodWeatherTests" */;
			buildPhases = (
				EB7912F429DE8D700020637B /* Sources */,
				EB7912F529DE8D700020637B /* Frameworks */,
				EB7912F629DE8D700020637B /* Resources */,
			);
			buildRules = (
			);
			dependencies = (
				EB7912FA29DE8D700020637B /* PBXTargetDependency */,
			);
			name = GoodWeatherTests;
			productName = GoodWeatherTests;
			productReference = EB7912F829DE8D700020637B /* GoodWeatherTests.xctest */;
			productType = "com.apple.product-type.bundle.unit-test";
		};
		EB79130129DE8D700020637B /* GoodWeatherUITests */ = {
			isa = PBXNativeTarget;
			buildConfigurationList = EB79131229DE8D700020637B /* Build configuration list for PBXNativeTarget "GoodWeatherUITests" */;
			buildPhases = (
				EB7912FE29DE8D700020637B /* Sources */,
				EB7912FF29DE8D700020637B /* Frameworks */,
				EB79130029DE8D700020637B /* Resources */,
			);
			buildRules = (
			);
			dependencies = (
				EB79130429DE8D700020637B /* PBXTargetDependency */,
			);
			name = GoodWeatherUITests;
			productName = GoodWeatherUITests;
			productReference = EB79130229DE8D700020637B /* GoodWeatherUITests.xctest */;
			productType = "com.apple.product-type.bundle.ui-testing";
		};
/* End PBXNativeTarget section */

/* Begin PBXProject section */
		EB7912DA29DE8D6E0020637B /* Project object */ = {
			isa = PBXProject;
			attributes = {
				BuildIndependentTargetsInParallel = 1;
				LastSwiftUpdateCheck = 1420;
				LastUpgradeCheck = 1420;
				TargetAttributes = {
					EB7912E129DE8D6E0020637B = {
						CreatedOnToolsVersion = 14.2;
					};
					EB7912F729DE8D700020637B = {
						CreatedOnToolsVersion = 14.2;
						TestTargetID = EB7912E129DE8D6E0020637B;
					};
					EB79130129DE8D700020637B = {
						CreatedOnToolsVersion = 14.2;
						TestTargetID = EB7912E129DE8D6E0020637B;
					};
				};
			};
			buildConfigurationList = EB7912DD29DE8D6E0020637B /* Build configuration list for PBXProject "GoodWeather" */;
			compatibilityVersion = "Xcode 14.0";
			developmentRegion = en;
			hasScannedForEncodings = 0;
			knownRegions = (
				en,
				Base,
			);
			mainGroup = EB7912D929DE8D6E0020637B;
			productRefGroup = EB7912E329DE8D6E0020637B /* Products */;
			projectDirPath = "";
			projectRoot = "";
			targets = (
				EB7912E129DE8D6E0020637B /* GoodWeather */,
				EB7912F729DE8D700020637B /* GoodWeatherTests */,
				EB79130129DE8D700020637B /* GoodWeatherUITests */,
			);
		};
/* End PBXProject section */

/* Begin PBXResourcesBuildPhase section */
		EB7912E029DE8D6E0020637B /* Resources */ = {
			isa = PBXResourcesBuildPhase;
			buildActionMask = 2147483647;
			files = (
				EB7912F229DE8D700020637B /* LaunchScreen.storyboard in Resources */,
				EB7912EF29DE8D700020637B /* Assets.xcassets in Resources */,
				EB7912ED29DE8D6E0020637B /* Main.storyboard in Resources */,
			);
			runOnlyForDeploymentPostprocessing = 0;
		};
		EB7912F629DE8D700020637B /* Resources */ = {
			isa = PBXResourcesBuildPhase;
			buildActionMask = 2147483647;
			files = (
			);
			runOnlyForDeploymentPostprocessing = 0;
		};
		EB79130029DE8D700020637B /* Resources */ = {
			isa = PBXResourcesBuildPhase;
			buildActionMask = 2147483647;
			files = (
			);
			runOnlyForDeploymentPostprocessing = 0;
		};
/* End PBXResourcesBuildPhase section */

/* Begin PBXSourcesBuildPhase section */
		EB7912DE29DE8D6E0020637B /* Sources */ = {
			isa = PBXSourcesBuildPhase;
			buildActionMask = 2147483647;
			files = (
				EBE8B2D029DE912200E7EC2A /* WeatherListTableViewController.swift in Sources */,
				EB7912E629DE8D6E0020637B /* AppDelegate.swift in Sources */,
				EB49122929E42FA300D7A10C /* String+Extenstions.swift in Sources */,
				EBA20E6829DFB608001011E4 /* WebService.swift in Sources */,
				EB49122D29E4410E00D7A10C /* Double+Extension.swift in Sources */,
				EBE8B2D529DEA36400E7EC2A /* WeatherCell.swift in Sources */,
				EBB4A62C29DFF6A5008D48E1 /* AddWeatherViewModel.swift in Sources */,
				EB49122629E42E4200D7A10C /* Constants.swift in Sources */,
				EB7912E829DE8D6E0020637B /* SceneDelegate.swift in Sources */,
				EBA20E6529DFACAB001011E4 /* APIKey.swift in Sources */,
				EB49122B29E436E500D7A10C /* WeatherListViewModel.swift in Sources */,
				EBE8B2D229DE91A500E7EC2A /* AddCityViewController.swift in Sources */,
				EBB4A62929DFEEA0008D48E1 /* WeatherResponse.swift in Sources */,
			);
			runOnlyForDeploymentPostprocessing = 0;
		};
		EB7912F429DE8D700020637B /* Sources */ = {
			isa = PBXSourcesBuildPhase;
			buildActionMask = 2147483647;
			files = (
				EB7912FD29DE8D700020637B /* GoodWeatherTests.swift in Sources */,
			);
			runOnlyForDeploymentPostprocessing = 0;
		};
		EB7912FE29DE8D700020637B /* Sources */ = {
			isa = PBXSourcesBuildPhase;
			buildActionMask = 2147483647;
			files = (
				EB79130929DE8D700020637B /* GoodWeatherUITestsLaunchTests.swift in Sources */,
				EB79130729DE8D700020637B /* GoodWeatherUITests.swift in Sources */,
			);
			runOnlyForDeploymentPostprocessing = 0;
		};
/* End PBXSourcesBuildPhase section */

/* Begin PBXTargetDependency section */
		EB7912FA29DE8D700020637B /* PBXTargetDependency */ = {
			isa = PBXTargetDependency;
			target = EB7912E129DE8D6E0020637B /* GoodWeather */;
			targetProxy = EB7912F929DE8D700020637B /* PBXContainerItemProxy */;
		};
		EB79130429DE8D700020637B /* PBXTargetDependency */ = {
			isa = PBXTargetDependency;
			target = EB7912E129DE8D6E0020637B /* GoodWeather */;
			targetProxy = EB79130329DE8D700020637B /* PBXContainerItemProxy */;
		};
/* End PBXTargetDependency section */

/* Begin PBXVariantGroup section */
		EB7912EB29DE8D6E0020637B /* Main.storyboard */ = {
			isa = PBXVariantGroup;
			children = (
				EB7912EC29DE8D6E0020637B /* Base */,
			);
			name = Main.storyboard;
			sourceTree = "<group>";
		};
		EB7912F029DE8D700020637B /* LaunchScreen.storyboard */ = {
			isa = PBXVariantGroup;
			children = (
				EB7912F129DE8D700020637B /* Base */,
			);
			name = LaunchScreen.storyboard;
			sourceTree = "<group>";
		};
/* End PBXVariantGroup section */

/* Begin XCBuildConfiguration section */
		EB79130A29DE8D700020637B /* Debug */ = {
			isa = XCBuildConfiguration;
			buildSettings = {
				ALWAYS_SEARCH_USER_PATHS = NO;
				CLANG_ANALYZER_NONNULL = YES;
				CLANG_ANALYZER_NUMBER_OBJECT_CONVERSION = YES_AGGRESSIVE;
				CLANG_CXX_LANGUAGE_STANDARD = "gnu++20";
				CLANG_ENABLE_MODULES = YES;
				CLANG_ENABLE_OBJC_ARC = YES;
				CLANG_ENABLE_OBJC_WEAK = YES;
				CLANG_WARN_BLOCK_CAPTURE_AUTORELEASING = YES;
				CLANG_WARN_BOOL_CONVERSION = YES;
				CLANG_WARN_COMMA = YES;
				CLANG_WARN_CONSTANT_CONVERSION = YES;
				CLANG_WARN_DEPRECATED_OBJC_IMPLEMENTATIONS = YES;
				CLANG_WARN_DIRECT_OBJC_ISA_USAGE = YES_ERROR;
				CLANG_WARN_DOCUMENTATION_COMMENTS = YES;
				CLANG_WARN_EMPTY_BODY = YES;
				CLANG_WARN_ENUM_CONVERSION = YES;
				CLANG_WARN_INFINITE_RECURSION = YES;
				CLANG_WARN_INT_CONVERSION = YES;
				CLANG_WARN_NON_LITERAL_NULL_CONVERSION = YES;
				CLANG_WARN_OBJC_IMPLICIT_RETAIN_SELF = YES;
				CLANG_WARN_OBJC_LITERAL_CONVERSION = YES;
				CLANG_WARN_OBJC_ROOT_CLASS = YES_ERROR;
				CLANG_WARN_QUOTED_INCLUDE_IN_FRAMEWORK_HEADER = YES;
				CLANG_WARN_RANGE_LOOP_ANALYSIS = YES;
				CLANG_WARN_STRICT_PROTOTYPES = YES;
				CLANG_WARN_SUSPICIOUS_MOVE = YES;
				CLANG_WARN_UNGUARDED_AVAILABILITY = YES_AGGRESSIVE;
				CLANG_WARN_UNREACHABLE_CODE = YES;
				CLANG_WARN__DUPLICATE_METHOD_MATCH = YES;
				COPY_PHASE_STRIP = NO;
				DEBUG_INFORMATION_FORMAT = dwarf;
				ENABLE_STRICT_OBJC_MSGSEND = YES;
				ENABLE_TESTABILITY = YES;
				GCC_C_LANGUAGE_STANDARD = gnu11;
				GCC_DYNAMIC_NO_PIC = NO;
				GCC_NO_COMMON_BLOCKS = YES;
				GCC_OPTIMIZATION_LEVEL = 0;
				GCC_PREPROCESSOR_DEFINITIONS = (
					"DEBUG=1",
					"$(inherited)",
				);
				GCC_WARN_64_TO_32_BIT_CONVERSION = YES;
				GCC_WARN_ABOUT_RETURN_TYPE = YES_ERROR;
				GCC_WARN_UNDECLARED_SELECTOR = YES;
				GCC_WARN_UNINITIALIZED_AUTOS = YES_AGGRESSIVE;
				GCC_WARN_UNUSED_FUNCTION = YES;
				GCC_WARN_UNUSED_VARIABLE = YES;
				IPHONEOS_DEPLOYMENT_TARGET = 16.2;
				MTL_ENABLE_DEBUG_INFO = INCLUDE_SOURCE;
				MTL_FAST_MATH = YES;
				ONLY_ACTIVE_ARCH = YES;
				SDKROOT = iphoneos;
				SWIFT_ACTIVE_COMPILATION_CONDITIONS = DEBUG;
				SWIFT_OPTIMIZATION_LEVEL = "-Onone";
			};
			name = Debug;
		};
		EB79130B29DE8D700020637B /* Release */ = {
			isa = XCBuildConfiguration;
			buildSettings = {
				ALWAYS_SEARCH_USER_PATHS = NO;
				CLANG_ANALYZER_NONNULL = YES;
				CLANG_ANALYZER_NUMBER_OBJECT_CONVERSION = YES_AGGRESSIVE;
				CLANG_CXX_LANGUAGE_STANDARD = "gnu++20";
				CLANG_ENABLE_MODULES = YES;
				CLANG_ENABLE_OBJC_ARC = YES;
				CLANG_ENABLE_OBJC_WEAK = YES;
				CLANG_WARN_BLOCK_CAPTURE_AUTORELEASING = YES;
				CLANG_WARN_BOOL_CONVERSION = YES;
				CLANG_WARN_COMMA = YES;
				CLANG_WARN_CONSTANT_CONVERSION = YES;
				CLANG_WARN_DEPRECATED_OBJC_IMPLEMENTATIONS = YES;
				CLANG_WARN_DIRECT_OBJC_ISA_USAGE = YES_ERROR;
				CLANG_WARN_DOCUMENTATION_COMMENTS = YES;
				CLANG_WARN_EMPTY_BODY = YES;
				CLANG_WARN_ENUM_CONVERSION = YES;
				CLANG_WARN_INFINITE_RECURSION = YES;
				CLANG_WARN_INT_CONVERSION = YES;
				CLANG_WARN_NON_LITERAL_NULL_CONVERSION = YES;
				CLANG_WARN_OBJC_IMPLICIT_RETAIN_SELF = YES;
				CLANG_WARN_OBJC_LITERAL_CONVERSION = YES;
				CLANG_WARN_OBJC_ROOT_CLASS = YES_ERROR;
				CLANG_WARN_QUOTED_INCLUDE_IN_FRAMEWORK_HEADER = YES;
				CLANG_WARN_RANGE_LOOP_ANALYSIS = YES;
				CLANG_WARN_STRICT_PROTOTYPES = YES;
				CLANG_WARN_SUSPICIOUS_MOVE = YES;
				CLANG_WARN_UNGUARDED_AVAILABILITY = YES_AGGRESSIVE;
				CLANG_WARN_UNREACHABLE_CODE = YES;
				CLANG_WARN__DUPLICATE_METHOD_MATCH = YES;
				COPY_PHASE_STRIP = NO;
				DEBUG_INFORMATION_FORMAT = "dwarf-with-dsym";
				ENABLE_NS_ASSERTIONS = NO;
				ENABLE_STRICT_OBJC_MSGSEND = YES;
				GCC_C_LANGUAGE_STANDARD = gnu11;
				GCC_NO_COMMON_BLOCKS = YES;
				GCC_WARN_64_TO_32_BIT_CONVERSION = YES;
				GCC_WARN_ABOUT_RETURN_TYPE = YES_ERROR;
				GCC_WARN_UNDECLARED_SELECTOR = YES;
				GCC_WARN_UNINITIALIZED_AUTOS = YES_AGGRESSIVE;
				GCC_WARN_UNUSED_FUNCTION = YES;
				GCC_WARN_UNUSED_VARIABLE = YES;
				IPHONEOS_DEPLOYMENT_TARGET = 16.2;
				MTL_ENABLE_DEBUG_INFO = NO;
				MTL_FAST_MATH = YES;
				SDKROOT = iphoneos;
				SWIFT_COMPILATION_MODE = wholemodule;
				SWIFT_OPTIMIZATION_LEVEL = "-O";
				VALIDATE_PRODUCT = YES;
			};
			name = Release;
		};
		EB79130D29DE8D700020637B /* Debug */ = {
			isa = XCBuildConfiguration;
			buildSettings = {
				ASSETCATALOG_COMPILER_APPICON_NAME = AppIcon;
				ASSETCATALOG_COMPILER_GLOBAL_ACCENT_COLOR_NAME = AccentColor;
				CODE_SIGN_STYLE = Automatic;
				CURRENT_PROJECT_VERSION = 1;
				DEVELOPMENT_TEAM = H2FTMY38H7;
				GENERATE_INFOPLIST_FILE = YES;
				INFOPLIST_FILE = GoodWeather/Info.plist;
				INFOPLIST_KEY_UIApplicationSupportsIndirectInputEvents = YES;
				INFOPLIST_KEY_UILaunchStoryboardName = LaunchScreen;
				INFOPLIST_KEY_UIMainStoryboardFile = Main;
				INFOPLIST_KEY_UIStatusBarStyle = UIStatusBarStyleLightContent;
				INFOPLIST_KEY_UISupportedInterfaceOrientations = UIInterfaceOrientationPortrait;
				INFOPLIST_KEY_UISupportedInterfaceOrientations_iPad = "UIInterfaceOrientationLandscapeLeft UIInterfaceOrientationLandscapeRight UIInterfaceOrientationPortrait UIInterfaceOrientationPortraitUpsideDown";
				LD_RUNPATH_SEARCH_PATHS = (
					"$(inherited)",
					"@executable_path/Frameworks",
				);
				MARKETING_VERSION = 1.0;
				PRODUCT_BUNDLE_IDENTIFIER = Joobang.GoodWeather;
				PRODUCT_NAME = "$(TARGET_NAME)";
				SUPPORTED_PLATFORMS = "iphoneos iphonesimulator";
				SUPPORTS_MACCATALYST = NO;
				SUPPORTS_MAC_DESIGNED_FOR_IPHONE_IPAD = NO;
				SWIFT_EMIT_LOC_STRINGS = YES;
				SWIFT_VERSION = 5.0;
				TARGETED_DEVICE_FAMILY = 1;
			};
			name = Debug;
		};
		EB79130E29DE8D700020637B /* Release */ = {
			isa = XCBuildConfiguration;
			buildSettings = {
				ASSETCATALOG_COMPILER_APPICON_NAME = AppIcon;
				ASSETCATALOG_COMPILER_GLOBAL_ACCENT_COLOR_NAME = AccentColor;
				CODE_SIGN_STYLE = Automatic;
				CURRENT_PROJECT_VERSION = 1;
				DEVELOPMENT_TEAM = H2FTMY38H7;
				GENERATE_INFOPLIST_FILE = YES;
				INFOPLIST_FILE = GoodWeather/Info.plist;
				INFOPLIST_KEY_UIApplicationSupportsIndirectInputEvents = YES;
				INFOPLIST_KEY_UILaunchStoryboardName = LaunchScreen;
				INFOPLIST_KEY_UIMainStoryboardFile = Main;
				INFOPLIST_KEY_UIStatusBarStyle = UIStatusBarStyleLightContent;
				INFOPLIST_KEY_UISupportedInterfaceOrientations = UIInterfaceOrientationPortrait;
				INFOPLIST_KEY_UISupportedInterfaceOrientations_iPad = "UIInterfaceOrientationLandscapeLeft UIInterfaceOrientationLandscapeRight UIInterfaceOrientationPortrait UIInterfaceOrientationPortraitUpsideDown";
				LD_RUNPATH_SEARCH_PATHS = (
					"$(inherited)",
					"@executable_path/Frameworks",
				);
				MARKETING_VERSION = 1.0;
				PRODUCT_BUNDLE_IDENTIFIER = Joobang.GoodWeather;
				PRODUCT_NAME = "$(TARGET_NAME)";
				SUPPORTED_PLATFORMS = "iphoneos iphonesimulator";
				SUPPORTS_MACCATALYST = NO;
				SUPPORTS_MAC_DESIGNED_FOR_IPHONE_IPAD = NO;
				SWIFT_EMIT_LOC_STRINGS = YES;
				SWIFT_VERSION = 5.0;
				TARGETED_DEVICE_FAMILY = 1;
			};
			name = Release;
		};
		EB79131029DE8D700020637B /* Debug */ = {
			isa = XCBuildConfiguration;
			buildSettings = {
				ALWAYS_EMBED_SWIFT_STANDARD_LIBRARIES = YES;
				BUNDLE_LOADER = "$(TEST_HOST)";
				CODE_SIGN_STYLE = Automatic;
				CURRENT_PROJECT_VERSION = 1;
				DEVELOPMENT_TEAM = H2FTMY38H7;
				GENERATE_INFOPLIST_FILE = YES;
				IPHONEOS_DEPLOYMENT_TARGET = 16.2;
				MARKETING_VERSION = 1.0;
				PRODUCT_BUNDLE_IDENTIFIER = Joobang.GoodWeatherTests;
				PRODUCT_NAME = "$(TARGET_NAME)";
				SWIFT_EMIT_LOC_STRINGS = NO;
				SWIFT_VERSION = 5.0;
				TARGETED_DEVICE_FAMILY = "1,2";
				TEST_HOST = "$(BUILT_PRODUCTS_DIR)/GoodWeather.app/$(BUNDLE_EXECUTABLE_FOLDER_PATH)/GoodWeather";
			};
			name = Debug;
		};
		EB79131129DE8D700020637B /* Release */ = {
			isa = XCBuildConfiguration;
			buildSettings = {
				ALWAYS_EMBED_SWIFT_STANDARD_LIBRARIES = YES;
				BUNDLE_LOADER = "$(TEST_HOST)";
				CODE_SIGN_STYLE = Automatic;
				CURRENT_PROJECT_VERSION = 1;
				DEVELOPMENT_TEAM = H2FTMY38H7;
				GENERATE_INFOPLIST_FILE = YES;
				IPHONEOS_DEPLOYMENT_TARGET = 16.2;
				MARKETING_VERSION = 1.0;
				PRODUCT_BUNDLE_IDENTIFIER = Joobang.GoodWeatherTests;
				PRODUCT_NAME = "$(TARGET_NAME)";
				SWIFT_EMIT_LOC_STRINGS = NO;
				SWIFT_VERSION = 5.0;
				TARGETED_DEVICE_FAMILY = "1,2";
				TEST_HOST = "$(BUILT_PRODUCTS_DIR)/GoodWeather.app/$(BUNDLE_EXECUTABLE_FOLDER_PATH)/GoodWeather";
			};
			name = Release;
		};
		EB79131329DE8D700020637B /* Debug */ = {
			isa = XCBuildConfiguration;
			buildSettings = {
				ALWAYS_EMBED_SWIFT_STANDARD_LIBRARIES = YES;
				CODE_SIGN_STYLE = Automatic;
				CURRENT_PROJECT_VERSION = 1;
				DEVELOPMENT_TEAM = H2FTMY38H7;
				GENERATE_INFOPLIST_FILE = YES;
				MARKETING_VERSION = 1.0;
				PRODUCT_BUNDLE_IDENTIFIER = Joobang.GoodWeatherUITests;
				PRODUCT_NAME = "$(TARGET_NAME)";
				SWIFT_EMIT_LOC_STRINGS = NO;
				SWIFT_VERSION = 5.0;
				TARGETED_DEVICE_FAMILY = "1,2";
				TEST_TARGET_NAME = GoodWeather;
			};
			name = Debug;
		};
		EB79131429DE8D700020637B /* Release */ = {
			isa = XCBuildConfiguration;
			buildSettings = {
				ALWAYS_EMBED_SWIFT_STANDARD_LIBRARIES = YES;
				CODE_SIGN_STYLE = Automatic;
				CURRENT_PROJECT_VERSION = 1;
				DEVELOPMENT_TEAM = H2FTMY38H7;
				GENERATE_INFOPLIST_FILE = YES;
				MARKETING_VERSION = 1.0;
				PRODUCT_BUNDLE_IDENTIFIER = Joobang.GoodWeatherUITests;
				PRODUCT_NAME = "$(TARGET_NAME)";
				SWIFT_EMIT_LOC_STRINGS = NO;
				SWIFT_VERSION = 5.0;
				TARGETED_DEVICE_FAMILY = "1,2";
				TEST_TARGET_NAME = GoodWeather;
			};
			name = Release;
		};
/* End XCBuildConfiguration section */

/* Begin XCConfigurationList section */
		EB7912DD29DE8D6E0020637B /* Build configuration list for PBXProject "GoodWeather" */ = {
			isa = XCConfigurationList;
			buildConfigurations = (
				EB79130A29DE8D700020637B /* Debug */,
				EB79130B29DE8D700020637B /* Release */,
			);
			defaultConfigurationIsVisible = 0;
			defaultConfigurationName = Release;
		};
		EB79130C29DE8D700020637B /* Build configuration list for PBXNativeTarget "GoodWeather" */ = {
			isa = XCConfigurationList;
			buildConfigurations = (
				EB79130D29DE8D700020637B /* Debug */,
				EB79130E29DE8D700020637B /* Release */,
			);
			defaultConfigurationIsVisible = 0;
			defaultConfigurationName = Release;
		};
		EB79130F29DE8D700020637B /* Build configuration list for PBXNativeTarget "GoodWeatherTests" */ = {
			isa = XCConfigurationList;
			buildConfigurations = (
				EB79131029DE8D700020637B /* Debug */,
				EB79131129DE8D700020637B /* Release */,
			);
			defaultConfigurationIsVisible = 0;
			defaultConfigurationName = Release;
		};
		EB79131229DE8D700020637B /* Build configuration list for PBXNativeTarget "GoodWeatherUITests" */ = {
			isa = XCConfigurationList;
			buildConfigurations = (
				EB79131329DE8D700020637B /* Debug */,
				EB79131429DE8D700020637B /* Release */,
			);
			defaultConfigurationIsVisible = 0;
			defaultConfigurationName = Release;
		};
/* End XCConfigurationList section */
	};
	rootObject = EB7912DA29DE8D6E0020637B /* Project object */;
}
